# THIS IS AN AUTOGENERATED FILE. DO NOT EDIT THIS FILE DIRECTLY.
# yarn lockfile v1

"@eslint/eslintrc@^2.0.0":
  version "2.1.4"
  resolved "https://registry.yarnpkg.com/@eslint/eslintrc/-/eslintrc-2.1.4.tgz#388a269f0f25c1b6adc317b5a2c55714894c70ad"
  integrity sha512-269Z39MS6wVJtsoUl10L60WdkhJVdPG24Q4eZTH3nnF6lpvSShEK3wQjDX9JRWAUPvPh7COouPpU9IrqaZFvtQ==
  dependencies:
    ajv "^6.12.4"
    debug "^4.3.2"
    espree "^9.6.0"
    globals "^13.19.0"
    ignore "^5.2.0"
    import-fresh "^3.3.0"
    js-yaml "^4.1.0"
    minimatch "^3.1.2"
    strip-json-comments "^3.1.1"

"@hotwired/stimulus@^3.2.1":
  version "3.2.2"
  resolved "https://registry.yarnpkg.com/@hotwired/stimulus/-/stimulus-3.2.2.tgz#071aab59c600fed95b97939e605ff261a815b76b"
  integrity sha512-eGeIqNOQpXoPAIP7tC1+1Yc1yl1xnwYqg+3mzqxyrbE5pg5YFBZcA6YoTiByJB6DKAEsiWUSsjOcLdYF52/4/A==

"@hotwired/turbo-rails@^7.2.4":
  version "7.3.0"
  resolved "https://registry.yarnpkg.com/@hotwired/turbo-rails/-/turbo-rails-7.3.0.tgz#422c21752509f3edcd6c7b2725bbe9e157815f51"
  integrity sha512-fvhO64vp/a2UVQ3jue9WTc2JisMv9XilIC7ViZmqRLX/xT6ImXT3qIyOm2HqrBhw7FFygtNE7AiXV2nZxOWsLg==
  dependencies:
    "@hotwired/turbo" "^7.3.0"
    "@rails/actioncable" "^7.0.0"

"@hotwired/turbo@^7.3.0":
  version "7.3.0"
  resolved "https://registry.yarnpkg.com/@hotwired/turbo/-/turbo-7.3.0.tgz#2226000fff1aabda9fd9587474565c9929dbf15d"
  integrity sha512-Dcu+NaSvHLT7EjrDrkEmH4qET2ZJZ5IcCWmNXxNQTBwlnE5tBZfN6WxZ842n5cHV52DH/AKNirbPBtcEXDLW4g==

"@popperjs/core@^2.11.6":
  version "2.11.8"
  resolved "https://registry.yarnpkg.com/@popperjs/core/-/core-2.11.8.tgz#6b79032e760a0899cd4204710beede972a3a185f"
  integrity sha512-P1st0aksCrn9sGZhp8GMYwBnQsbvAWsZAX44oXNNvLHGqAOcoVxmjZiohstwQ7SqKnbR47akdNi+uleWD8+g6A==

"@rails/actioncable@^7.0.0":
  version "7.1.2"
  resolved "https://registry.yarnpkg.com/@rails/actioncable/-/actioncable-7.1.2.tgz#8d71c8b8d1bf2e1fb78ea9eb06b24e9b04cf8b78"
  integrity sha512-pfuQM4EAI/lgxeT6SF+FI+cQcOatqLyxeq1ZJhYixthxBF+1woCMaOZXIj48HSjOHsHhCsrGIDGcZaVnuwEhBw==

"bootstrap-icons@^1.10.3":
  version "1.11.2"
  resolved "https://registry.yarnpkg.com/bootstrap-icons/-/bootstrap-icons-1.11.2.tgz#c636238847a8c9f6e7945e5b1b0e90a6fe2b86fa"
  integrity sha512-TgdiPrqlyhpClIk/GzGxKIRdi3JOLnl4BjB/k6d8VF/LIGPDIrMRKk1ZV3d2xnQiyp7LbAjOdZp6DJKrKfCMKg==

"bootstrap@^5.2.3":
  version "5.3.2"
  resolved "https://registry.yarnpkg.com/bootstrap/-/bootstrap-5.3.2.tgz#344e1318a375cf4c2abde3aad01db6533e6ee25c"
  integrity sha512-D32nmNWiQHo94BKHLmOrdjlL05q1c8oxbtBphQFb9Z5to6eGRDCm0QgeaZ4zFBHzfg2++rqa2JkqCcxDy0sH0g==

"eslint-config-prettier@^8.6.0":
  version "8.10.0"
  resolved "https://registry.yarnpkg.com/eslint-config-prettier/-/eslint-config-prettier-8.10.0.tgz#3a06a662130807e2502fc3ff8b4143d8a0658e11"
  integrity sha512-SM8AMJdeQqRYT9O9zguiruQZaN7+z+E4eAP9oiLNGKMtomwaB1E9dcgUD6ZAn/eUnxb7q6r+KEqAiOIGiboKKw==

"eslint@^8.33.0":
  version "8.57.1"
  resolved "https://registry.yarnpkg.com/eslint/-/eslint-8.57.1.tgz#7e4a180e1496c979834f9d8e5b8b4455afe1b4a9"
  integrity sha512-ypowyDxpVSYpkXr9WPv2PAZCtNip1Mv5KTW0SCurXv/9iOpcrH9PaqUElksqEB6pChqHGDRCFTyrZlGhnLNGiA==
  dependencies:
    "@eslint-community/eslint-utils" "^4.2.0"
    "@eslint-community/regexpp" "^4.6.1"
    "@eslint/eslintrc" "^2.1.4"
    "@eslint/js" "8.57.1"
    "@humanwhocodes/config-array" "^0.13.0"
    "@humanwhocodes/retry" "^0.3.0"
    "@nodelib/fs.walk" "^1.2.8"
    "@ungap/structured-clone" "^1.2.0"
    ajv "^6.12.4"
    chalk "^4.0.0"
    cross-spawn "^7.0.2"
    debug "^4.3.2"
    doctrine "^3.0.0"
    escape-string-regexp "^4.0.0"
    eslint-scope "^7.2.2"
    eslint-visitor-keys "^3.4.3"
    espree "^9.6.1"
    esquery "^1.4.2"
    esutils "^2.0.2"
    fast-deep-equal "^3.1.3"
    file-entry-cache "^6.0.1"
    find-up "^5.0.0"
    glob-parent "^6.0.2"
    globals "^13.19.0"
    graphemer "^1.4.0"
    ignore "^5.2.0"
    imurmurhash "^0.1.4"
    is-glob "^4.0.0"
    is-path-inside "^3.0.3"
    js-yaml "^4.1.0"
    json-stable-stringify-without-jsonify "^1.0.1"
    levn "^0.4.1"
    lodash.merge "^4.6.2"
    minimatch "^3.1.2"
    natural-compare "^1.4.0"
    optionator "^0.9.3"
    strip-ansi "^6.0.1"
    text-table "^0.2.0"

"prettier@^2.8.3":
  version "2.8.8"
  resolved "https://registry.yarnpkg.com/prettier/-/prettier-2.8.8.tgz#e8c5d7e98a4305ffe3de2e1fc4aca1a71c28b1da"
  integrity sha512-tdN8qQGvNjw4CHbY+XXk0JgCXn9QiF21a55rBe5LJAU+kDyC4WQn4+awm2Xfk2lQMk5fKup9XgzTZtGkjBdP9Q==

"stylelint-config-prettier@^9.0.4":
  version "9.0.5"
  resolved "https://registry.yarnpkg.com/stylelint-config-prettier/-/stylelint-config-prettier-9.0.5.tgz#1682e2ac3d0622e2e7024b9aa91bb7ddd6bbe6fd"
  integrity sha512-U44lELgLZhznKiq4gtzb/6bClR+0Nqc8fHEWQaIVCGo/a8HaCSGX+SazArsheZgKjqHF8wjcN6lC5B1f1JQrTig==

"stylelint-config-standard-scss@^6.1.0":
  version "6.1.0"
  resolved "https://registry.yarnpkg.com/stylelint-config-standard-scss/-/stylelint-config-standard-scss-6.1.0.tgz#c88fe7ac3da86b4b5bf7c9a4a5a3b6b89c4be5f4"
  integrity sha512-iZ2B7cYNev8MmL2gqpBqKVKBp6YLZdY/KAv4VLDiXDe3y7mSJEwwi+9U8hNAYXDnV2dOrE8V9sO5WbCDjEqJBA==
  dependencies:
    stylelint-config-recommended-scss "^8.0.0"
    stylelint-config-standard "^29.0.0"

"stylelint@^14.16.1":
  version "14.16.1"
  resolved "https://registry.yarnpkg.com/stylelint/-/stylelint-14.16.1.tgz#f7c4a4c8ee5ab2b60a3bf6d575e48f5b3dc8b2e8"
  integrity sha512-ErlzR/T3hhbV+a925/gbfc3f3Fep9/bnspMiJPorfGEmcBbXdS+oo6LrVtoUZ/w9fqD6o6k7PtUlCOsCRdjX/A==
  dependencies:
    "@csstools/selector-specificity" "^2.0.2"
    balanced-match "^1.0.2"
    colord "^2.9.1"
    cosmiconfig "^7.0.1"
    css-functions-list "^3.1.0"
    debug "^4.3.4"
    fast-glob "^3.2.7"
    fastest-levenshtein "^1.0.12"
    file-entry-cache "^6.0.1"
    global-modules "^2.0.0"
    globby "^11.0.4"
    globjoin "^0.1.4"
    html-tags "^3.1.0"
    ignore "^5.1.8"
    import-lazy "^4.0.0"
    imurmurhash "^0.1.4"
    is-plain-object "^5.0.0"
    known-css-properties "^0.25.0"
    mathml-tag-names "^2.1.3"
    meow "^9.0.0"
    micromatch "^4.0.4"
    normalize-path "^3.0.0"
    picocolors "^1.0.0"
    postcss "^8.3.11"
    postcss-media-query-parser "^0.2.3"
    postcss-resolve-nested-selector "^0.1.1"
    postcss-safe-parser "^6.0.0"
    postcss-selector-parser "^6.0.6"
    postcss-value-parser "^4.2.0"
    resolve-from "^5.0.0"
    string-width "^4.2.3"
    strip-ansi "^6.0.1"
    style-search "^0.1.0"
    supports-hyperlinks "^2.2.0"
    svg-tags "^1.0.0"
    table "^6.7.1"
    v8-compile-cache "^2.3.0"
    write-file-atomic "^4.0.1"
